
Microsoft Visual Studio Solution File, Format Version 12.00
# Visual Studio Version 17
VisualStudioVersion = 17.11.35327.3
MinimumVisualStudioVersion = 10.0.40219.1
Project("{FAE04EC0-301F-11D3-BF4B-00C04F79EFBC}") = "ED_MVC", "ED_MVC\ED_MVC.csproj", "{3755A374-8608-4BCC-A108-4A7E9737D07A}"
EndProject
Global
	GlobalSection(SolutionConfigurationPlatforms) = preSolution
		Debug|Any CPU = Debug|Any CPU
		Release|Any CPU = Release|Any CPU
	EndGlobalSection
	GlobalSection(ProjectConfigurationPlatforms) = postSolution
		{3755A374-8608-4BCC-A108-4A7E9737D07A}.Debug|Any CPU.ActiveCfg = Debug|Any CPU
		{3755A374-8608-4BCC-A108-4A7E9737D07A}.Debug|Any CPU.Build.0 = Debug|Any CPU
		{3755A374-8608-4BCC-A108-4A7E9737D07A}.Release|Any CPU.ActiveCfg = Release|Any CPU
		{3755A374-8608-4BCC-A108-4A7E9737D07A}.Release|Any CPU.Build.0 = Release|Any CPU
	EndGlobalSection
	GlobalSection(SolutionProperties) = preSolution
		HideSolutionNode = FALSE
	EndGlobalSection
	GlobalSection(ExtensibilityGlobals) = postSolution
		SolutionGuid = {7BAD2C02-4DA9-4CCA-A18B-BF2692B6E39E}
	EndGlobalSection
EndGlobal
